
Microsoft Visual Studio Solution File, Format Version 12.00
# Visual Studio Version 16
VisualStudioVersion = 16.0.30225.117
MinimumVisualStudioVersion = 10.0.40219.1
Project("{FAE04EC0-301F-11D3-BF4B-00C04F79EFBC}") = "github-tutors-service", "github-tutors-service.csproj", "{3560AEA4-EED1-4916-AA0F-1E65848CE485}"
EndProject
Global
	GlobalSection(SolutionConfigurationPlatforms) = preSolution
		Debug|Any CPU = Debug|Any CPU
		Release|Any CPU = Release|Any CPU
	EndGlobalSection
	GlobalSection(ProjectConfigurationPlatforms) = postSolution
		{3560AEA4-EED1-4916-AA0F-1E65848CE485}.Debug|Any CPU.ActiveCfg = Debug|Any CPU
		{3560AEA4-EED1-4916-AA0F-1E65848CE485}.Debug|Any CPU.Build.0 = Debug|Any CPU
		{3560AEA4-EED1-4916-AA0F-1E65848CE485}.Release|Any CPU.ActiveCfg = Release|Any CPU
		{3560AEA4-EED1-4916-AA0F-1E65848CE485}.Release|Any CPU.Build.0 = Release|Any CPU
	EndGlobalSection
	GlobalSection(SolutionProperties) = preSolution
		HideSolutionNode = FALSE
	EndGlobalSection
	GlobalSection(ExtensibilityGlobals) = postSolution
		SolutionGuid = {BF7245E3-FE2A-474D-BF83-F4754EDED5E9}
	EndGlobalSection
EndGlobal
